
Microsoft Visual Studio Solution File, Format Version 12.00
# Visual Studio Version 16
VisualStudioVersion = 16.0.31313.79
MinimumVisualStudioVersion = 10.0.40219.1
Project("{FAE04EC0-301F-11D3-BF4B-00C04F79EFBC}") = "Find-Max-Program", "Find-Max-Program.csproj", "{0F8C5DD1-F2A3-40DD-9346-4E4DBC4BE19C}"
EndProject
Global
	GlobalSection(SolutionConfigurationPlatforms) = preSolution
		Debug|Any CPU = Debug|Any CPU
		Release|Any CPU = Release|Any CPU
	EndGlobalSection
	GlobalSection(ProjectConfigurationPlatforms) = postSolution
		{0F8C5DD1-F2A3-40DD-9346-4E4DBC4BE19C}.Debug|Any CPU.ActiveCfg = Debug|Any CPU
		{0F8C5DD1-F2A3-40DD-9346-4E4DBC4BE19C}.Debug|Any CPU.Build.0 = Debug|Any CPU
		{0F8C5DD1-F2A3-40DD-9346-4E4DBC4BE19C}.Release|Any CPU.ActiveCfg = Release|Any CPU
		{0F8C5DD1-F2A3-40DD-9346-4E4DBC4BE19C}.Release|Any CPU.Build.0 = Release|Any CPU
	EndGlobalSection
	GlobalSection(SolutionProperties) = preSolution
		HideSolutionNode = FALSE
	EndGlobalSection
	GlobalSection(ExtensibilityGlobals) = postSolution
		SolutionGuid = {6017D2AC-ED42-4E74-B933-081FA93737C8}
	EndGlobalSection
EndGlobal
